
Microsoft Visual Studio Solution File, Format Version 12.00
# Visual Studio Version 17
VisualStudioVersion = 17.2.32526.322
MinimumVisualStudioVersion = 10.0.40219.1
Project("{FAE04EC0-301F-11D3-BF4B-00C04F79EFBC}") = "BookStore", "BookStore\BookStore.csproj", "{F3F13BB1-05B3-4069-89C8-50F2303F585A}"
EndProject
Global
	GlobalSection(SolutionConfigurationPlatforms) = preSolution
		Debug|Any CPU = Debug|Any CPU
		Release|Any CPU = Release|Any CPU
	EndGlobalSection
	GlobalSection(ProjectConfigurationPlatforms) = postSolution
		{F3F13BB1-05B3-4069-89C8-50F2303F585A}.Debug|Any CPU.ActiveCfg = Debug|Any CPU
		{F3F13BB1-05B3-4069-89C8-50F2303F585A}.Debug|Any CPU.Build.0 = Debug|Any CPU
		{F3F13BB1-05B3-4069-89C8-50F2303F585A}.Release|Any CPU.ActiveCfg = Release|Any CPU
		{F3F13BB1-05B3-4069-89C8-50F2303F585A}.Release|Any CPU.Build.0 = Release|Any CPU
	EndGlobalSection
	GlobalSection(SolutionProperties) = preSolution
		HideSolutionNode = FALSE
	EndGlobalSection
	GlobalSection(ExtensibilityGlobals) = postSolution
		SolutionGuid = {D50B38AD-BC48-4325-8B37-05A3535FC128}
	EndGlobalSection
EndGlobal
